
Microsoft Visual Studio Solution File, Format Version 12.00
# Visual Studio Version 17
VisualStudioVersion = 17.2.32602.215
MinimumVisualStudioVersion = 10.0.40219.1
Project("{FAE04EC0-301F-11D3-BF4B-00C04F79EFBC}") = "DadBodTutorial", "DadBodTutorial.csproj", "{792DD208-A021-408D-A807-C83523B52D67}"
EndProject
Global
	GlobalSection(SolutionConfigurationPlatforms) = preSolution
		Debug|Any CPU = Debug|Any CPU
		Release|Any CPU = Release|Any CPU
	EndGlobalSection
	GlobalSection(ProjectConfigurationPlatforms) = postSolution
		{792DD208-A021-408D-A807-C83523B52D67}.Debug|Any CPU.ActiveCfg = Debug|Any CPU
		{792DD208-A021-408D-A807-C83523B52D67}.Debug|Any CPU.Build.0 = Debug|Any CPU
		{792DD208-A021-408D-A807-C83523B52D67}.Release|Any CPU.ActiveCfg = Release|Any CPU
		{792DD208-A021-408D-A807-C83523B52D67}.Release|Any CPU.Build.0 = Release|Any CPU
	EndGlobalSection
	GlobalSection(SolutionProperties) = preSolution
		HideSolutionNode = FALSE
	EndGlobalSection
	GlobalSection(ExtensibilityGlobals) = postSolution
		SolutionGuid = {7897CED7-1FE5-4952-9A82-4332CAA64EA1}
	EndGlobalSection
EndGlobal
